{
  "name": "Overly Complicated Note Blocks",
  "lockfileVersion": 3,
  "requires": true,
  "packages": {
    "": {
      "dependencies": {
        "@minecraft/server": "^2.0.0-beta.1.21.80-stable"
      }
    },
    "node_modules/@minecraft/common": {
      "version": "1.1.0",
      "license": "MIT"
    },
    "node_modules/@minecraft/server": {
      "version": "2.0.0-rc.1.21.90-preview.21",
      "resolved": "https://registry.npmjs.org/@minecraft/server/-/server-2.0.0-rc.1.21.90-preview.21.tgz",
      "integrity": "sha512-58NFpbbsn0XNzlJttMgzdpzxJpw1dRI+aKDBIzYowuRP0z8t7QYvTHNadsv0HqPW6duAIfz2r22FEZ0c/cpG8A==",
      "dependencies": {
        "@minecraft/common": "^1.1.0"
      },
      "peerDependencies": {
        "@minecraft/vanilla-data": ">=1.20.70"
      }
    },
    "node_modules/@minecraft/vanilla-data": {
      "version": "1.21.80",
      "resolved": "https://registry.npmjs.org/@minecraft/vanilla-data/-/vanilla-data-1.21.80.tgz",
      "integrity": "sha512-wm6GkTrVbl/8oFFyXL7iDaYj1a+sH6fpYthonxCmoWK/48mf1x1ZvrTZB1rdJFnMo7euNDMnib6uXut6qFmzpw==",
      "peer": true
    }
  }
}
